
Microsoft Visual Studio Solution File, Format Version 12.00
# Visual Studio Version 17
VisualStudioVersion = 17.0.31903.59
MinimumVisualStudioVersion = 10.0.40219.1
Project("{2150E333-8FDC-42A3-9474-1A3956D46DE8}") = "src", "src", "{827E0CD3-B72D-47B6-A68D-7590B98EB39B}"
EndProject
Project("{FAE04EC0-301F-11D3-BF4B-00C04F79EFBC}") = "CopyPasta.App", "src\CopyPasta.App\CopyPasta.App.csproj", "{A7D6979B-E144-477D-B6AE-E6AF09C81C1A}"
EndProject
Project("{FAE04EC0-301F-11D3-BF4B-00C04F79EFBC}") = "CopyPasta.Core", "src\CopyPasta.Core\CopyPasta.Core.csproj", "{3D4293E7-DE92-4362-96B0-B27B017DA0B1}"
EndProject
Project("{FAE04EC0-301F-11D3-BF4B-00C04F79EFBC}") = "CopyPasta.Data", "src\CopyPasta.Data\CopyPasta.Data.csproj", "{489EF08C-6A95-456A-81A7-97613DD666C9}"
EndProject
Project("{FAE04EC0-301F-11D3-BF4B-00C04F79EFBC}") = "CopyPasta.Interop", "src\CopyPasta.Interop\CopyPasta.Interop.csproj", "{6E8868F2-AA60-4BC2-9A46-766C8B0DBF23}"
EndProject
Project("{FAE04EC0-301F-11D3-BF4B-00C04F79EFBC}") = "CopyPasta.App.Tests", "tests\CopyPasta.App.Tests\CopyPasta.App.Tests.csproj", "{A587A366-EB2E-4E05-8F0A-5499EAB9DB4E}"
EndProject
Project("{FAE04EC0-301F-11D3-BF4B-00C04F79EFBC}") = "CopyPasta.Core.Tests", "tests\CopyPasta.Core.Tests\CopyPasta.Core.Tests.csproj", "{63E6E6B7-A0D7-4FF9-B24D-70A22705905C}"
EndProject
Project("{FAE04EC0-301F-11D3-BF4B-00C04F79EFBC}") = "CopyPasta.Data.Tests", "tests\CopyPasta.Data.Tests\CopyPasta.Data.Tests.csproj", "{CD0E6EE1-A890-40BB-B952-122822BC9C1D}"
EndProject
Project("{FAE04EC0-301F-11D3-BF4B-00C04F79EFBC}") = "CaptureProbe", "tools\CaptureProbe\CaptureProbe.csproj", "{C6FC8565-677E-4695-8B60-2BA8620DC49C}"
EndProject
Project("{FAE04EC0-301F-11D3-BF4B-00C04F79EFBC}") = "FormatDump", "tools\FormatDump\FormatDump.csproj", "{9DD9FBCF-4628-42F0-BFBE-D543A0515C26}"
EndProject
Global
	GlobalSection(SolutionConfigurationPlatforms) = preSolution
		Debug|Any CPU = Debug|Any CPU
		Debug|x64 = Debug|x64
		Debug|x86 = Debug|x86
		Release|Any CPU = Release|Any CPU
		Release|x64 = Release|x64
		Release|x86 = Release|x86
	EndGlobalSection
	GlobalSection(ProjectConfigurationPlatforms) = postSolution
		{A7D6979B-E144-477D-B6AE-E6AF09C81C1A}.Debug|Any CPU.ActiveCfg = Debug|Any CPU
		{A7D6979B-E144-477D-B6AE-E6AF09C81C1A}.Debug|Any CPU.Build.0 = Debug|Any CPU
		{A7D6979B-E144-477D-B6AE-E6AF09C81C1A}.Debug|x64.ActiveCfg = Debug|Any CPU
		{A7D6979B-E144-477D-B6AE-E6AF09C81C1A}.Debug|x64.Build.0 = Debug|Any CPU
		{A7D6979B-E144-477D-B6AE-E6AF09C81C1A}.Debug|x86.ActiveCfg = Debug|Any CPU
		{A7D6979B-E144-477D-B6AE-E6AF09C81C1A}.Debug|x86.Build.0 = Debug|Any CPU
		{A7D6979B-E144-477D-B6AE-E6AF09C81C1A}.Release|Any CPU.ActiveCfg = Release|Any CPU
		{A7D6979B-E144-477D-B6AE-E6AF09C81C1A}.Release|Any CPU.Build.0 = Release|Any CPU
		{A7D6979B-E144-477D-B6AE-E6AF09C81C1A}.Release|x64.ActiveCfg = Release|Any CPU
		{A7D6979B-E144-477D-B6AE-E6AF09C81C1A}.Release|x64.Build.0 = Release|Any CPU
		{A7D6979B-E144-477D-B6AE-E6AF09C81C1A}.Release|x86.ActiveCfg = Release|Any CPU
		{A7D6979B-E144-477D-B6AE-E6AF09C81C1A}.Release|x86.Build.0 = Release|Any CPU
		{3D4293E7-DE92-4362-96B0-B27B017DA0B1}.Debug|Any CPU.ActiveCfg = Debug|Any CPU
		{3D4293E7-DE92-4362-96B0-B27B017DA0B1}.Debug|Any CPU.Build.0 = Debug|Any CPU
		{3D4293E7-DE92-4362-96B0-B27B017DA0B1}.Debug|x64.ActiveCfg = Debug|Any CPU
		{3D4293E7-DE92-4362-96B0-B27B017DA0B1}.Debug|x64.Build.0 = Debug|Any CPU
		{3D4293E7-DE92-4362-96B0-B27B017DA0B1}.Debug|x86.ActiveCfg = Debug|Any CPU
		{3D4293E7-DE92-4362-96B0-B27B017DA0B1}.Debug|x86.Build.0 = Debug|Any CPU
		{3D4293E7-DE92-4362-96B0-B27B017DA0B1}.Release|Any CPU.ActiveCfg = Release|Any CPU
		{3D4293E7-DE92-4362-96B0-B27B017DA0B1}.Release|Any CPU.Build.0 = Release|Any CPU
		{3D4293E7-DE92-4362-96B0-B27B017DA0B1}.Release|x64.ActiveCfg = Release|Any CPU
		{3D4293E7-DE92-4362-96B0-B27B017DA0B1}.Release|x64.Build.0 = Release|Any CPU
		{3D4293E7-DE92-4362-96B0-B27B017DA0B1}.Release|x86.ActiveCfg = Release|Any CPU
		{3D4293E7-DE92-4362-96B0-B27B017DA0B1}.Release|x86.Build.0 = Release|Any CPU
		{489EF08C-6A95-456A-81A7-97613DD666C9}.Debug|Any CPU.ActiveCfg = Debug|Any CPU
		{489EF08C-6A95-456A-81A7-97613DD666C9}.Debug|Any CPU.Build.0 = Debug|Any CPU
		{489EF08C-6A95-456A-81A7-97613DD666C9}.Debug|x64.ActiveCfg = Debug|Any CPU
		{489EF08C-6A95-456A-81A7-97613DD666C9}.Debug|x64.Build.0 = Debug|Any CPU
		{489EF08C-6A95-456A-81A7-97613DD666C9}.Debug|x86.ActiveCfg = Debug|Any CPU
		{489EF08C-6A95-456A-81A7-97613DD666C9}.Debug|x86.Build.0 = Debug|Any CPU
		{489EF08C-6A95-456A-81A7-97613DD666C9}.Release|Any CPU.ActiveCfg = Release|Any CPU
		{489EF08C-6A95-456A-81A7-97613DD666C9}.Release|Any CPU.Build.0 = Release|Any CPU
		{489EF08C-6A95-456A-81A7-97613DD666C9}.Release|x64.ActiveCfg = Release|Any CPU
		{489EF08C-6A95-456A-81A7-97613DD666C9}.Release|x64.Build.0 = Release|Any CPU
		{489EF08C-6A95-456A-81A7-97613DD666C9}.Release|x86.ActiveCfg = Release|Any CPU
		{489EF08C-6A95-456A-81A7-97613DD666C9}.Release|x86.Build.0 = Release|Any CPU
		{6E8868F2-AA60-4BC2-9A46-766C8B0DBF23}.Debug|Any CPU.ActiveCfg = Debug|Any CPU
		{6E8868F2-AA60-4BC2-9A46-766C8B0DBF23}.Debug|Any CPU.Build.0 = Debug|Any CPU
		{6E8868F2-AA60-4BC2-9A46-766C8B0DBF23}.Debug|x64.ActiveCfg = Debug|Any CPU
		{6E8868F2-AA60-4BC2-9A46-766C8B0DBF23}.Debug|x64.Build.0 = Debug|Any CPU
		{6E8868F2-AA60-4BC2-9A46-766C8B0DBF23}.Debug|x86.ActiveCfg = Debug|Any CPU
		{6E8868F2-AA60-4BC2-9A46-766C8B0DBF23}.Debug|x86.Build.0 = Debug|Any CPU
		{6E8868F2-AA60-4BC2-9A46-766C8B0DBF23}.Release|Any CPU.ActiveCfg = Release|Any CPU
		{6E8868F2-AA60-4BC2-9A46-766C8B0DBF23}.Release|Any CPU.Build.0 = Release|Any CPU
		{6E8868F2-AA60-4BC2-9A46-766C8B0DBF23}.Release|x64.ActiveCfg = Release|Any CPU
		{6E8868F2-AA60-4BC2-9A46-766C8B0DBF23}.Release|x64.Build.0 = Release|Any CPU
		{6E8868F2-AA60-4BC2-9A46-766C8B0DBF23}.Release|x86.ActiveCfg = Release|Any CPU
		{6E8868F2-AA60-4BC2-9A46-766C8B0DBF23}.Release|x86.Build.0 = Release|Any CPU
		{A587A366-EB2E-4E05-8F0A-5499EAB9DB4E}.Debug|Any CPU.ActiveCfg = Debug|Any CPU
		{A587A366-EB2E-4E05-8F0A-5499EAB9DB4E}.Debug|Any CPU.Build.0 = Debug|Any CPU
		{A587A366-EB2E-4E05-8F0A-5499EAB9DB4E}.Debug|x64.ActiveCfg = Debug|Any CPU
		{A587A366-EB2E-4E05-8F0A-5499EAB9DB4E}.Debug|x64.Build.0 = Debug|Any CPU
		{A587A366-EB2E-4E05-8F0A-5499EAB9DB4E}.Debug|x86.ActiveCfg = Debug|Any CPU
		{A587A366-EB2E-4E05-8F0A-5499EAB9DB4E}.Debug|x86.Build.0 = Debug|Any CPU
		{A587A366-EB2E-4E05-8F0A-5499EAB9DB4E}.Release|Any CPU.ActiveCfg = Release|Any CPU
		{A587A366-EB2E-4E05-8F0A-5499EAB9DB4E}.Release|Any CPU.Build.0 = Release|Any CPU
		{A587A366-EB2E-4E05-8F0A-5499EAB9DB4E}.Release|x64.ActiveCfg = Release|Any CPU
		{A587A366-EB2E-4E05-8F0A-5499EAB9DB4E}.Release|x64.Build.0 = Release|Any CPU
		{A587A366-EB2E-4E05-8F0A-5499EAB9DB4E}.Release|x86.ActiveCfg = Release|Any CPU
		{A587A366-EB2E-4E05-8F0A-5499EAB9DB4E}.Release|x86.Build.0 = Release|Any CPU
		{63E6E6B7-A0D7-4FF9-B24D-70A22705905C}.Debug|Any CPU.ActiveCfg = Debug|Any CPU
		{63E6E6B7-A0D7-4FF9-B24D-70A22705905C}.Debug|Any CPU.Build.0 = Debug|Any CPU
		{63E6E6B7-A0D7-4FF9-B24D-70A22705905C}.Debug|x64.ActiveCfg = Debug|Any CPU
		{63E6E6B7-A0D7-4FF9-B24D-70A22705905C}.Debug|x64.Build.0 = Debug|Any CPU
		{63E6E6B7-A0D7-4FF9-B24D-70A22705905C}.Debug|x86.ActiveCfg = Debug|Any CPU
		{63E6E6B7-A0D7-4FF9-B24D-70A22705905C}.Debug|x86.Build.0 = Debug|Any CPU
		{63E6E6B7-A0D7-4FF9-B24D-70A22705905C}.Release|Any CPU.ActiveCfg = Release|Any CPU
		{63E6E6B7-A0D7-4FF9-B24D-70A22705905C}.Release|Any CPU.Build.0 = Release|Any CPU
		{63E6E6B7-A0D7-4FF9-B24D-70A22705905C}.Release|x64.ActiveCfg = Release|Any CPU
		{63E6E6B7-A0D7-4FF9-B24D-70A22705905C}.Release|x64.Build.0 = Release|Any CPU
		{63E6E6B7-A0D7-4FF9-B24D-70A22705905C}.Release|x86.ActiveCfg = Release|Any CPU
		{63E6E6B7-A0D7-4FF9-B24D-70A22705905C}.Release|x86.Build.0 = Release|Any CPU
		{CD0E6EE1-A890-40BB-B952-122822BC9C1D}.Debug|Any CPU.ActiveCfg = Debug|Any CPU
		{CD0E6EE1-A890-40BB-B952-122822BC9C1D}.Debug|Any CPU.Build.0 = Debug|Any CPU
		{CD0E6EE1-A890-40BB-B952-122822BC9C1D}.Debug|x64.ActiveCfg = Debug|Any CPU
		{CD0E6EE1-A890-40BB-B952-122822BC9C1D}.Debug|x64.Build.0 = Debug|Any CPU
		{CD0E6EE1-A890-40BB-B952-122822BC9C1D}.Debug|x86.ActiveCfg = Debug|Any CPU
		{CD0E6EE1-A890-40BB-B952-122822BC9C1D}.Debug|x86.Build.0 = Debug|Any CPU
		{CD0E6EE1-A890-40BB-B952-122822BC9C1D}.Release|Any CPU.ActiveCfg = Release|Any CPU
		{CD0E6EE1-A890-40BB-B952-122822BC9C1D}.Release|Any CPU.Build.0 = Release|Any CPU
		{CD0E6EE1-A890-40BB-B952-122822BC9C1D}.Release|x64.ActiveCfg = Release|Any CPU
		{CD0E6EE1-A890-40BB-B952-122822BC9C1D}.Release|x64.Build.0 = Release|Any CPU
		{CD0E6EE1-A890-40BB-B952-122822BC9C1D}.Release|x86.ActiveCfg = Release|Any CPU
		{CD0E6EE1-A890-40BB-B952-122822BC9C1D}.Release|x86.Build.0 = Release|Any CPU
		{C6FC8565-677E-4695-8B60-2BA8620DC49C}.Debug|Any CPU.ActiveCfg = Debug|Any CPU
		{C6FC8565-677E-4695-8B60-2BA8620DC49C}.Debug|Any CPU.Build.0 = Debug|Any CPU
		{C6FC8565-677E-4695-8B60-2BA8620DC49C}.Debug|x64.ActiveCfg = Debug|Any CPU
		{C6FC8565-677E-4695-8B60-2BA8620DC49C}.Debug|x64.Build.0 = Debug|Any CPU
		{C6FC8565-677E-4695-8B60-2BA8620DC49C}.Debug|x86.ActiveCfg = Debug|Any CPU
		{C6FC8565-677E-4695-8B60-2BA8620DC49C}.Debug|x86.Build.0 = Debug|Any CPU
		{C6FC8565-677E-4695-8B60-2BA8620DC49C}.Release|Any CPU.ActiveCfg = Release|Any CPU
		{C6FC8565-677E-4695-8B60-2BA8620DC49C}.Release|Any CPU.Build.0 = Release|Any CPU
		{C6FC8565-677E-4695-8B60-2BA8620DC49C}.Release|x64.ActiveCfg = Release|Any CPU
		{C6FC8565-677E-4695-8B60-2BA8620DC49C}.Release|x64.Build.0 = Release|Any CPU
		{C6FC8565-677E-4695-8B60-2BA8620DC49C}.Release|x86.ActiveCfg = Release|Any CPU
		{C6FC8565-677E-4695-8B60-2BA8620DC49C}.Release|x86.Build.0 = Release|Any CPU
		{9DD9FBCF-4628-42F0-BFBE-D543A0515C26}.Debug|Any CPU.ActiveCfg = Debug|Any CPU
		{9DD9FBCF-4628-42F0-BFBE-D543A0515C26}.Debug|Any CPU.Build.0 = Debug|Any CPU
		{9DD9FBCF-4628-42F0-BFBE-D543A0515C26}.Debug|x64.ActiveCfg = Debug|Any CPU
		{9DD9FBCF-4628-42F0-BFBE-D543A0515C26}.Debug|x64.Build.0 = Debug|Any CPU
		{9DD9FBCF-4628-42F0-BFBE-D543A0515C26}.Debug|x86.ActiveCfg = Debug|Any CPU
		{9DD9FBCF-4628-42F0-BFBE-D543A0515C26}.Debug|x86.Build.0 = Debug|Any CPU
		{9DD9FBCF-4628-42F0-BFBE-D543A0515C26}.Release|Any CPU.ActiveCfg = Release|Any CPU
		{9DD9FBCF-4628-42F0-BFBE-D543A0515C26}.Release|Any CPU.Build.0 = Release|Any CPU
		{9DD9FBCF-4628-42F0-BFBE-D543A0515C26}.Release|x64.ActiveCfg = Release|Any CPU
		{9DD9FBCF-4628-42F0-BFBE-D543A0515C26}.Release|x64.Build.0 = Release|Any CPU
		{9DD9FBCF-4628-42F0-BFBE-D543A0515C26}.Release|x86.ActiveCfg = Release|Any CPU
		{9DD9FBCF-4628-42F0-BFBE-D543A0515C26}.Release|x86.Build.0 = Release|Any CPU
	EndGlobalSection
	GlobalSection(SolutionProperties) = preSolution
		HideSolutionNode = FALSE
	EndGlobalSection
	GlobalSection(NestedProjects) = preSolution
		{A7D6979B-E144-477D-B6AE-E6AF09C81C1A} = {827E0CD3-B72D-47B6-A68D-7590B98EB39B}
		{3D4293E7-DE92-4362-96B0-B27B017DA0B1} = {827E0CD3-B72D-47B6-A68D-7590B98EB39B}
		{489EF08C-6A95-456A-81A7-97613DD666C9} = {827E0CD3-B72D-47B6-A68D-7590B98EB39B}
		{6E8868F2-AA60-4BC2-9A46-766C8B0DBF23} = {827E0CD3-B72D-47B6-A68D-7590B98EB39B}
		{A587A366-EB2E-4E05-8F0A-5499EAB9DB4E} = {827E0CD3-B72D-47B6-A68D-7590B98EB39B}
		{63E6E6B7-A0D7-4FF9-B24D-70A22705905C} = {827E0CD3-B72D-47B6-A68D-7590B98EB39B}
		{CD0E6EE1-A890-40BB-B952-122822BC9C1D} = {827E0CD3-B72D-47B6-A68D-7590B98EB39B}
		{C6FC8565-677E-4695-8B60-2BA8620DC49C} = {827E0CD3-B72D-47B6-A68D-7590B98EB39B}
		{9DD9FBCF-4628-42F0-BFBE-D543A0515C26} = {827E0CD3-B72D-47B6-A68D-7590B98EB39B}
	EndGlobalSection
EndGlobal
